{
  "name": "emojisplosion-edge",
  "version": "1.0.0",
  "lockfileVersion": 1,
  "requires": true,
  "dependencies": {
    "emojisplosion": {
      "version": "1.1.0",
      "resolved": "https://registry.npmjs.org/emojisplosion/-/emojisplosion-1.1.0.tgz",
      "integrity": "sha512-VtQb8s9i0aXwhxG5Cd1ZKTiywLQunM2AomKfyX2fFiMQK9u/bVg7VApeSs+HIgCbJnJ0JVmjZFbcZwMQMVos9Q=="
    }
  }
}
